
Microsoft Visual Studio Solution File, Format Version 12.00
# Visual Studio Version 17
VisualStudioVersion = 17.4.33213.308
MinimumVisualStudioVersion = 10.0.40219.1
Project("{2150E333-8FDC-42A3-9474-1A3956D46DE8}") = "SRC", "SRC", "{9E8A4EB9-7306-4F35-AD5E-5D82AC9C5517}"
EndProject
Project("{2150E333-8FDC-42A3-9474-1A3956D46DE8}") = "API", "API", "{10531B76-7A1A-49DF-8852-BF88B740686D}"
EndProject
Project("{2150E333-8FDC-42A3-9474-1A3956D46DE8}") = "Core", "Core", "{F1920FB3-04E5-4A80-841E-907DF187D487}"
EndProject
Project("{2150E333-8FDC-42A3-9474-1A3956D46DE8}") = "Infrastructrue", "Infrastructrue", "{6D53E9B8-B996-4FC5-B8C3-44BE74AE7D3B}"
EndProject
Project("{2150E333-8FDC-42A3-9474-1A3956D46DE8}") = "UI", "UI", "{068CD0DE-45EF-4198-9ACB-54D7E2F86EEA}"
EndProject
Project("{2150E333-8FDC-42A3-9474-1A3956D46DE8}") = "TEST", "TEST", "{D777D768-AB25-43F1-AEE2-71F4E7D5AFDC}"
EndProject
Project("{9A19103F-16F7-4668-BE54-9A1E7A4F7556}") = "Kashi_Seramic.API", "Kashi_Seramic.API\Kashi_Seramic.API.csproj", "{AAF4AFEF-5284-43C8-A6BE-6449AF3BDC9B}"
EndProject
Project("{9A19103F-16F7-4668-BE54-9A1E7A4F7556}") = "Kashi_Seramic.Application", "Kashi_Seramic.Application\Kashi_Seramic.Application.csproj", "{DEBD4E01-EA9F-4220-BB13-CD3D8A27F724}"
EndProject
Project("{9A19103F-16F7-4668-BE54-9A1E7A4F7556}") = "Kashi_Seramic.Domain", "Kashi_Seramic.Domain\Kashi_Seramic.Domain.csproj", "{AAF05D8B-7E68-472A-949D-5A578010EA19}"
EndProject
Project("{9A19103F-16F7-4668-BE54-9A1E7A4F7556}") = "Kashi_Seramic.Identity", "Kashi_Seramic.Identity\Kashi_Seramic.Identity.csproj", "{FCCC5D10-CA64-4635-AA3E-B1AA6C2FD454}"
EndProject
Project("{9A19103F-16F7-4668-BE54-9A1E7A4F7556}") = "Kashi_Seramic.Infrastructrue", "Kashi_Seramic.Infrastructrue\Kashi_Seramic.Infrastructrue.csproj", "{46A27329-C14B-4098-AA3F-C4CF8BA42358}"
EndProject
Project("{9A19103F-16F7-4668-BE54-9A1E7A4F7556}") = "Kashi_Seramic.MVC", "Kashi_Seramic.MVC\Kashi_Seramic.MVC.csproj", "{F2DA278C-BE02-492F-B344-61F6A082E801}"
EndProject
Project("{FAE04EC0-301F-11D3-BF4B-00C04F79EFBC}") = "Kashi_Seramic.Persistences", "Kashi_Seramic.Persistences\Kashi_Seramic.Persistences.csproj", "{7A3CFE6B-25F8-4F72-8786-1073CC24A135}"
EndProject
Global
	GlobalSection(SolutionConfigurationPlatforms) = preSolution
		Debug|Any CPU = Debug|Any CPU
		Release|Any CPU = Release|Any CPU
	EndGlobalSection
	GlobalSection(ProjectConfigurationPlatforms) = postSolution
		{AAF4AFEF-5284-43C8-A6BE-6449AF3BDC9B}.Debug|Any CPU.ActiveCfg = Debug|Any CPU
		{AAF4AFEF-5284-43C8-A6BE-6449AF3BDC9B}.Debug|Any CPU.Build.0 = Debug|Any CPU
		{AAF4AFEF-5284-43C8-A6BE-6449AF3BDC9B}.Release|Any CPU.ActiveCfg = Release|Any CPU
		{AAF4AFEF-5284-43C8-A6BE-6449AF3BDC9B}.Release|Any CPU.Build.0 = Release|Any CPU
		{DEBD4E01-EA9F-4220-BB13-CD3D8A27F724}.Debug|Any CPU.ActiveCfg = Debug|Any CPU
		{DEBD4E01-EA9F-4220-BB13-CD3D8A27F724}.Debug|Any CPU.Build.0 = Debug|Any CPU
		{DEBD4E01-EA9F-4220-BB13-CD3D8A27F724}.Release|Any CPU.ActiveCfg = Release|Any CPU
		{DEBD4E01-EA9F-4220-BB13-CD3D8A27F724}.Release|Any CPU.Build.0 = Release|Any CPU
		{AAF05D8B-7E68-472A-949D-5A578010EA19}.Debug|Any CPU.ActiveCfg = Debug|Any CPU
		{AAF05D8B-7E68-472A-949D-5A578010EA19}.Debug|Any CPU.Build.0 = Debug|Any CPU
		{AAF05D8B-7E68-472A-949D-5A578010EA19}.Release|Any CPU.ActiveCfg = Release|Any CPU
		{AAF05D8B-7E68-472A-949D-5A578010EA19}.Release|Any CPU.Build.0 = Release|Any CPU
		{FCCC5D10-CA64-4635-AA3E-B1AA6C2FD454}.Debug|Any CPU.ActiveCfg = Debug|Any CPU
		{FCCC5D10-CA64-4635-AA3E-B1AA6C2FD454}.Debug|Any CPU.Build.0 = Debug|Any CPU
		{FCCC5D10-CA64-4635-AA3E-B1AA6C2FD454}.Release|Any CPU.ActiveCfg = Release|Any CPU
		{FCCC5D10-CA64-4635-AA3E-B1AA6C2FD454}.Release|Any CPU.Build.0 = Release|Any CPU
		{46A27329-C14B-4098-AA3F-C4CF8BA42358}.Debug|Any CPU.ActiveCfg = Debug|Any CPU
		{46A27329-C14B-4098-AA3F-C4CF8BA42358}.Debug|Any CPU.Build.0 = Debug|Any CPU
		{46A27329-C14B-4098-AA3F-C4CF8BA42358}.Release|Any CPU.ActiveCfg = Release|Any CPU
		{46A27329-C14B-4098-AA3F-C4CF8BA42358}.Release|Any CPU.Build.0 = Release|Any CPU
		{F2DA278C-BE02-492F-B344-61F6A082E801}.Debug|Any CPU.ActiveCfg = Debug|Any CPU
		{F2DA278C-BE02-492F-B344-61F6A082E801}.Debug|Any CPU.Build.0 = Debug|Any CPU
		{F2DA278C-BE02-492F-B344-61F6A082E801}.Release|Any CPU.ActiveCfg = Release|Any CPU
		{F2DA278C-BE02-492F-B344-61F6A082E801}.Release|Any CPU.Build.0 = Release|Any CPU
		{7A3CFE6B-25F8-4F72-8786-1073CC24A135}.Debug|Any CPU.ActiveCfg = Debug|Any CPU
		{7A3CFE6B-25F8-4F72-8786-1073CC24A135}.Debug|Any CPU.Build.0 = Debug|Any CPU
		{7A3CFE6B-25F8-4F72-8786-1073CC24A135}.Release|Any CPU.ActiveCfg = Release|Any CPU
		{7A3CFE6B-25F8-4F72-8786-1073CC24A135}.Release|Any CPU.Build.0 = Release|Any CPU
	EndGlobalSection
	GlobalSection(SolutionProperties) = preSolution
		HideSolutionNode = FALSE
	EndGlobalSection
	GlobalSection(NestedProjects) = preSolution
		{10531B76-7A1A-49DF-8852-BF88B740686D} = {9E8A4EB9-7306-4F35-AD5E-5D82AC9C5517}
		{F1920FB3-04E5-4A80-841E-907DF187D487} = {9E8A4EB9-7306-4F35-AD5E-5D82AC9C5517}
		{6D53E9B8-B996-4FC5-B8C3-44BE74AE7D3B} = {9E8A4EB9-7306-4F35-AD5E-5D82AC9C5517}
		{068CD0DE-45EF-4198-9ACB-54D7E2F86EEA} = {9E8A4EB9-7306-4F35-AD5E-5D82AC9C5517}
		{AAF4AFEF-5284-43C8-A6BE-6449AF3BDC9B} = {10531B76-7A1A-49DF-8852-BF88B740686D}
		{DEBD4E01-EA9F-4220-BB13-CD3D8A27F724} = {F1920FB3-04E5-4A80-841E-907DF187D487}
		{AAF05D8B-7E68-472A-949D-5A578010EA19} = {F1920FB3-04E5-4A80-841E-907DF187D487}
		{FCCC5D10-CA64-4635-AA3E-B1AA6C2FD454} = {6D53E9B8-B996-4FC5-B8C3-44BE74AE7D3B}
		{46A27329-C14B-4098-AA3F-C4CF8BA42358} = {6D53E9B8-B996-4FC5-B8C3-44BE74AE7D3B}
		{F2DA278C-BE02-492F-B344-61F6A082E801} = {068CD0DE-45EF-4198-9ACB-54D7E2F86EEA}
		{7A3CFE6B-25F8-4F72-8786-1073CC24A135} = {6D53E9B8-B996-4FC5-B8C3-44BE74AE7D3B}
	EndGlobalSection
	GlobalSection(ExtensibilityGlobals) = postSolution
		SolutionGuid = {D1697C29-D5AC-4A9C-AFB7-14F7AF22DE44}
	EndGlobalSection
EndGlobal
